
Microsoft Visual Studio Solution File, Format Version 12.00
# Visual Studio Version 17
VisualStudioVersion = 17.13.35931.197 d17.13
MinimumVisualStudioVersion = 10.0.40219.1
Project("{8BC9CEB8-8B4A-11D0-8D11-00A0C91BC942}") = "CW_06292025", "CW_06292025.vcxproj", "{73615B4B-28EB-4EBD-9BFC-80D8EEFC8652}"
EndProject
Global
	GlobalSection(SolutionConfigurationPlatforms) = preSolution
		Debug|x64 = Debug|x64
		Debug|x86 = Debug|x86
		Release|x64 = Release|x64
		Release|x86 = Release|x86
	EndGlobalSection
	GlobalSection(ProjectConfigurationPlatforms) = postSolution
		{73615B4B-28EB-4EBD-9BFC-80D8EEFC8652}.Debug|x64.ActiveCfg = Debug|x64
		{73615B4B-28EB-4EBD-9BFC-80D8EEFC8652}.Debug|x64.Build.0 = Debug|x64
		{73615B4B-28EB-4EBD-9BFC-80D8EEFC8652}.Debug|x86.ActiveCfg = Debug|Win32
		{73615B4B-28EB-4EBD-9BFC-80D8EEFC8652}.Debug|x86.Build.0 = Debug|Win32
		{73615B4B-28EB-4EBD-9BFC-80D8EEFC8652}.Release|x64.ActiveCfg = Release|x64
		{73615B4B-28EB-4EBD-9BFC-80D8EEFC8652}.Release|x64.Build.0 = Release|x64
		{73615B4B-28EB-4EBD-9BFC-80D8EEFC8652}.Release|x86.ActiveCfg = Release|Win32
		{73615B4B-28EB-4EBD-9BFC-80D8EEFC8652}.Release|x86.Build.0 = Release|Win32
	EndGlobalSection
	GlobalSection(SolutionProperties) = preSolution
		HideSolutionNode = FALSE
	EndGlobalSection
	GlobalSection(ExtensibilityGlobals) = postSolution
		SolutionGuid = {9420B975-CF53-49FC-A9B4-E013E5E97234}
	EndGlobalSection
EndGlobal
